
Microsoft Visual Studio Solution File, Format Version 12.00
# Visual Studio Version 17
VisualStudioVersion = 17.13.35825.156 d17.13
MinimumVisualStudioVersion = 10.0.40219.1
Project("{FAE04EC0-301F-11D3-BF4B-00C04F79EFBC}") = "APS02", "APS02\APS02.csproj", "{B6275253-0164-43B4-B29E-856A806B3599}"
EndProject
Global
	GlobalSection(SolutionConfigurationPlatforms) = preSolution
		Debug|Any CPU = Debug|Any CPU
		Release|Any CPU = Release|Any CPU
	EndGlobalSection
	GlobalSection(ProjectConfigurationPlatforms) = postSolution
		{B6275253-0164-43B4-B29E-856A806B3599}.Debug|Any CPU.ActiveCfg = Debug|Any CPU
		{B6275253-0164-43B4-B29E-856A806B3599}.Debug|Any CPU.Build.0 = Debug|Any CPU
		{B6275253-0164-43B4-B29E-856A806B3599}.Release|Any CPU.ActiveCfg = Release|Any CPU
		{B6275253-0164-43B4-B29E-856A806B3599}.Release|Any CPU.Build.0 = Release|Any CPU
	EndGlobalSection
	GlobalSection(SolutionProperties) = preSolution
		HideSolutionNode = FALSE
	EndGlobalSection
	GlobalSection(ExtensibilityGlobals) = postSolution
		SolutionGuid = {2D70B1E8-D50F-4277-9762-982A1DDAD815}
	EndGlobalSection
EndGlobal
